// !$*UTF8*$!
{
	archiveVersion = 1;
	classes = {
	};
	objectVersion = 48;
	objects = {

/* Begin PBXBuildFile section */
		2FAD9763203C412B000D30F8 /* config.xml in Resources */ = {isa = PBXBuildFile; fileRef = 2FAD9762203C412B000D30F8 /* config.xml */; };
		50379B232058CBB4000EE86E /* capacitor.config.json in Resources */ = {isa = PBXBuildFile; fileRef = 50379B222058CBB4000EE86E /* capacitor.config.json */; };
		504EC3081FED79650016851F /* AppDelegate.swift in Sources */ = {isa = PBXBuildFile; fileRef = 504EC3071FED79650016851F /* AppDelegate.swift */; };
		504EC30D1FED79650016851F /* Main.storyboard in Resources */ = {isa = PBXBuildFile; fileRef = 504EC30B1FED79650016851F /* Main.storyboard */; };
		504EC30F1FED79650016851F /* Assets.xcassets in Resources */ = {isa = PBXBuildFile; fileRef = 504EC30E1FED79650016851F /* Assets.xcassets */; };
		504EC3121FED79650016851F /* LaunchScreen.storyboard in Resources */ = {isa = PBXBuildFile; fileRef = 504EC3101FED79650016851F /* LaunchScreen.storyboard */; };
		50B271D11FEDC1A000F3C39B /* public in Resources */ = {isa = PBXBuildFile; fileRef = 50B271D01FEDC1A000F3C39B /* public */; };
		AUDIOENH2FED79650016851F /* AudioEnhancerRenderer.swift in Sources */ = {isa = PBXBuildFile; fileRef = AUDIOENH1FED79650016851F /* AudioEnhancerRenderer.swift */; };
		AUDIOROUTE2FED79650016851F /* AudioRouteConfigurator.swift in Sources */ = {isa = PBXBuildFile; fileRef = AUDIOROUTE1FED79650016851F /* AudioRouteConfigurator.swift */; };
		BESTTAKE2FED79650016851F /* BestTakeAudioPlugin.swift in Sources */ = {isa = PBXBuildFile; fileRef = BESTTAKE1FED79650016851F /* BestTakeAudioPlugin.swift */; };
		BESTTAKE4FED79650016851F /* BestTakeAudioPlugin.m in Sources */ = {isa = PBXBuildFile; fileRef = BESTTAKE3FED79650016851F /* BestTakeAudioPlugin.m */; };
		CAMGUARD2FED79650016851F /* CameraSessionGuard.swift in Sources */ = {isa = PBXBuildFile; fileRef = CAMGUARD1FED79650016851F /* CameraSessionGuard.swift */; };
		CD3239B60F0046097D3181B5 /* Pods_App.framework in Frameworks */ = {isa = PBXBuildFile; fileRef = C86F2C237E248220A96EE557 /* Pods_App.framework */; };
		DRONEENG2FED79650016851F /* DroneEngine.swift in Sources */ = {isa = PBXBuildFile; fileRef = DRONEENG1FED79650016851F /* DroneEngine.swift */; };
		DRONEPLG2FED79650016851F /* DronePlugin.swift in Sources */ = {isa = PBXBuildFile; fileRef = DRONEPLG1FED79650016851F /* DronePlugin.swift */; };
		DRONEPLG4FED79650016851F /* DronePlugin.m in Sources */ = {isa = PBXBuildFile; fileRef = DRONEPLG3FED79650016851F /* DronePlugin.m */; };
		INLINEBOX2FED79650016851F /* InlineTakeBoxPlaybackController.swift in Sources */ = {isa = PBXBuildFile; fileRef = INLINEBOX1FED79650016851F /* InlineTakeBoxPlaybackController.swift */; };
		METRONENG2FED79650016851F /* MetronomeEngine.swift in Sources */ = {isa = PBXBuildFile; fileRef = METRONENG1FED79650016851F /* MetronomeEngine.swift */; };
		METRONPLG2FED79650016851F /* MetronomePlugin.swift in Sources */ = {isa = PBXBuildFile; fileRef = METRONPLG1FED79650016851F /* MetronomePlugin.swift */; };
		METRONPLG4FED79650016851F /* MetronomePlugin.m in Sources */ = {isa = PBXBuildFile; fileRef = METRONPLG3FED79650016851F /* MetronomePlugin.m */; };
		NATIVEAUD2FED79650016851F /* NativeCameraTestAudio.swift in Sources */ = {isa = PBXBuildFile; fileRef = NATIVEAUD1FED79650016851F /* NativeCameraTestAudio.swift */; };
		NATIVECAM2FED79650016851F /* NativeCameraRecordingEngine.swift in Sources */ = {isa = PBXBuildFile; fileRef = NATIVECAM1FED79650016851F /* NativeCameraRecordingEngine.swift */; };
		NATIVEDEC2FED79650016851F /* NativeAudioDecoder.swift in Sources */ = {isa = PBXBuildFile; fileRef = NATIVEDEC1FED79650016851F /* NativeAudioDecoder.swift */; };
		PORTRAIT2FED79650016851F /* PortraitBridgeViewController.swift in Sources */ = {isa = PBXBuildFile; fileRef = PORTRAIT1FED79650016851F /* PortraitBridgeViewController.swift */; };
		TAKEALGN2FED79650016851F /* TakeAlignmentEngine.swift in Sources */ = {isa = PBXBuildFile; fileRef = TAKEALGN1FED79650016851F /* TakeAlignmentEngine.swift */; };
/* End PBXBuildFile section */

/* Begin PBXFileReference section */
		2FAD9762203C412B000D30F8 /* config.xml */ = {isa = PBXFileReference; lastKnownFileType = text.xml; path = config.xml; sourceTree = "<group>"; };
		30F5B1B6FB32A592FF61E3B1 /* Pods-App.debug.xcconfig */ = {isa = PBXFileReference; includeInIndex = 1; lastKnownFileType = text.xcconfig; name = "Pods-App.debug.xcconfig"; path = "Target Support Files/Pods-App/Pods-App.debug.xcconfig"; sourceTree = "<group>"; };
		50379B222058CBB4000EE86E /* capacitor.config.json */ = {isa = PBXFileReference; fileEncoding = 4; lastKnownFileType = text.json; path = capacitor.config.json; sourceTree = "<group>"; };
		504EC3041FED79650016851F /* App.app */ = {isa = PBXFileReference; explicitFileType = wrapper.application; includeInIndex = 0; path = App.app; sourceTree = BUILT_PRODUCTS_DIR; };
		504EC3071FED79650016851F /* AppDelegate.swift */ = {isa = PBXFileReference; lastKnownFileType = sourcecode.swift; path = AppDelegate.swift; sourceTree = "<group>"; };
		504EC30C1FED79650016851F /* Base */ = {isa = PBXFileReference; lastKnownFileType = file.storyboard; name = Base; path = Base.lproj/Main.storyboard; sourceTree = "<group>"; };
		504EC30E1FED79650016851F /* Assets.xcassets */ = {isa = PBXFileReference; lastKnownFileType = folder.assetcatalog; path = Assets.xcassets; sourceTree = "<group>"; };
		504EC3111FED79650016851F /* Base */ = {isa = PBXFileReference; lastKnownFileType = file.storyboard; name = Base; path = Base.lproj/LaunchScreen.storyboard; sourceTree = "<group>"; };
		504EC3131FED79650016851F /* Info.plist */ = {isa = PBXFileReference; lastKnownFileType = text.plist.xml; path = Info.plist; sourceTree = "<group>"; };
		50B271D01FEDC1A000F3C39B /* public */ = {isa = PBXFileReference; lastKnownFileType = folder; path = public; sourceTree = "<group>"; };
		54B30F73516ACD7E3398CC08 /* Pods-App.release.xcconfig */ = {isa = PBXFileReference; includeInIndex = 1; lastKnownFileType = text.xcconfig; name = "Pods-App.release.xcconfig"; path = "Target Support Files/Pods-App/Pods-App.release.xcconfig"; sourceTree = "<group>"; };
		AUDIOENH1FED79650016851F /* AudioEnhancerRenderer.swift */ = {isa = PBXFileReference; lastKnownFileType = sourcecode.swift; path = AudioEnhancerRenderer.swift; sourceTree = "<group>"; };
		AUDIOROUTE1FED79650016851F /* AudioRouteConfigurator.swift */ = {isa = PBXFileReference; lastKnownFileType = sourcecode.swift; path = AudioRouteConfigurator.swift; sourceTree = "<group>"; };
		BESTTAKE1FED79650016851F /* BestTakeAudioPlugin.swift */ = {isa = PBXFileReference; lastKnownFileType = sourcecode.swift; path = BestTakeAudioPlugin.swift; sourceTree = "<group>"; };
		BESTTAKE3FED79650016851F /* BestTakeAudioPlugin.m */ = {isa = PBXFileReference; lastKnownFileType = sourcecode.c.objc; path = BestTakeAudioPlugin.m; sourceTree = "<group>"; };
		C86F2C237E248220A96EE557 /* Pods_App.framework */ = {isa = PBXFileReference; explicitFileType = wrapper.framework; includeInIndex = 0; path = Pods_App.framework; sourceTree = BUILT_PRODUCTS_DIR; };
		CAMGUARD1FED79650016851F /* CameraSessionGuard.swift */ = {isa = PBXFileReference; lastKnownFileType = sourcecode.swift; path = CameraSessionGuard.swift; sourceTree = "<group>"; };
		DRONEENG1FED79650016851F /* DroneEngine.swift */ = {isa = PBXFileReference; lastKnownFileType = sourcecode.swift; path = DroneEngine.swift; sourceTree = "<group>"; };
		DRONEPLG1FED79650016851F /* DronePlugin.swift */ = {isa = PBXFileReference; lastKnownFileType = sourcecode.swift; path = DronePlugin.swift; sourceTree = "<group>"; };
		DRONEPLG3FED79650016851F /* DronePlugin.m */ = {isa = PBXFileReference; lastKnownFileType = sourcecode.c.objc; path = DronePlugin.m; sourceTree = "<group>"; };
		ENTITLE1FED79650016851F /* App.entitlements */ = {isa = PBXFileReference; lastKnownFileType = text.plist.entitlements; path = App.entitlements; sourceTree = "<group>"; };
		INLINEBOX1FED79650016851F /* InlineTakeBoxPlaybackController.swift */ = {isa = PBXFileReference; lastKnownFileType = sourcecode.swift; path = InlineTakeBoxPlaybackController.swift; sourceTree = "<group>"; };
		METRONENG1FED79650016851F /* MetronomeEngine.swift */ = {isa = PBXFileReference; lastKnownFileType = sourcecode.swift; path = MetronomeEngine.swift; sourceTree = "<group>"; };
		METRONPLG1FED79650016851F /* MetronomePlugin.swift */ = {isa = PBXFileReference; lastKnownFileType = sourcecode.swift; path = MetronomePlugin.swift; sourceTree = "<group>"; };
		METRONPLG3FED79650016851F /* MetronomePlugin.m */ = {isa = PBXFileReference; lastKnownFileType = sourcecode.c.objc; path = MetronomePlugin.m; sourceTree = "<group>"; };
		NATIVEAUD1FED79650016851F /* NativeCameraTestAudio.swift */ = {isa = PBXFileReference; lastKnownFileType = sourcecode.swift; path = NativeCameraTestAudio.swift; sourceTree = "<group>"; };
		NATIVECAM1FED79650016851F /* NativeCameraRecordingEngine.swift */ = {isa = PBXFileReference; lastKnownFileType = sourcecode.swift; path = NativeCameraRecordingEngine.swift; sourceTree = "<group>"; };
		NATIVEDEC1FED79650016851F /* NativeAudioDecoder.swift */ = {isa = PBXFileReference; lastKnownFileType = sourcecode.swift; path = NativeAudioDecoder.swift; sourceTree = "<group>"; };
		PORTRAIT1FED79650016851F /* PortraitBridgeViewController.swift */ = {isa = PBXFileReference; lastKnownFileType = sourcecode.swift; path = PortraitBridgeViewController.swift; sourceTree = "<group>"; };
		TAKEALGN1FED79650016851F /* TakeAlignmentEngine.swift */ = {isa = PBXFileReference; lastKnownFileType = sourcecode.swift; path = TakeAlignmentEngine.swift; sourceTree = "<group>"; };
/* End PBXFileReference section */

/* Begin PBXFrameworksBuildPhase section */
		504EC3011FED79650016851F /* Frameworks */ = {
			isa = PBXFrameworksBuildPhase;
			buildActionMask = 2147483647;
			files = (
				CD3239B60F0046097D3181B5 /* Pods_App.framework in Frameworks */,
			);
			runOnlyForDeploymentPostprocessing = 0;
		};
/* End PBXFrameworksBuildPhase section */

/* Begin PBXGroup section */
		13462BD1C199847B7A7D96FD /* Pods */ = {
			isa = PBXGroup;
			children = (
				30F5B1B6FB32A592FF61E3B1 /* Pods-App.debug.xcconfig */,
				54B30F73516ACD7E3398CC08 /* Pods-App.release.xcconfig */,
			);
			path = Pods;
			sourceTree = "<group>";
		};
		3708A07850267FDB896C914A /* Frameworks */ = {
			isa = PBXGroup;
			children = (
				C86F2C237E248220A96EE557 /* Pods_App.framework */,
			);
			name = Frameworks;
			sourceTree = "<group>";
		};
		504EC2FB1FED79650016851F = {
			isa = PBXGroup;
			children = (
				504EC3061FED79650016851F /* App */,
				504EC3051FED79650016851F /* Products */,
				13462BD1C199847B7A7D96FD /* Pods */,
				3708A07850267FDB896C914A /* Frameworks */,
			);
			sourceTree = "<group>";
		};
		504EC3051FED79650016851F /* Products */ = {
			isa = PBXGroup;
			children = (
				504EC3041FED79650016851F /* App.app */,
			);
			name = Products;
			sourceTree = "<group>";
		};
		504EC3061FED79650016851F /* App */ = {
			isa = PBXGroup;
			children = (
				50379B222058CBB4000EE86E /* capacitor.config.json */,
				504EC3071FED79650016851F /* AppDelegate.swift */,
				PORTRAIT1FED79650016851F /* PortraitBridgeViewController.swift */,
				BESTTAKE1FED79650016851F /* BestTakeAudioPlugin.swift */,
				INLINEBOX1FED79650016851F /* InlineTakeBoxPlaybackController.swift */,
				NATIVECAM1FED79650016851F /* NativeCameraRecordingEngine.swift */,
				NATIVEAUD1FED79650016851F /* NativeCameraTestAudio.swift */,
				CAMGUARD1FED79650016851F /* CameraSessionGuard.swift */,
				AUDIOROUTE1FED79650016851F /* AudioRouteConfigurator.swift */,
				AUDIOENH1FED79650016851F /* AudioEnhancerRenderer.swift */,
				NATIVEDEC1FED79650016851F /* NativeAudioDecoder.swift */,
				TAKEALGN1FED79650016851F /* TakeAlignmentEngine.swift */,
				BESTTAKE3FED79650016851F /* BestTakeAudioPlugin.m */,
				DRONEENG1FED79650016851F /* DroneEngine.swift */,
				DRONEPLG1FED79650016851F /* DronePlugin.swift */,
				DRONEPLG3FED79650016851F /* DronePlugin.m */,
				METRONENG1FED79650016851F /* MetronomeEngine.swift */,
				METRONPLG1FED79650016851F /* MetronomePlugin.swift */,
				METRONPLG3FED79650016851F /* MetronomePlugin.m */,
				504EC30B1FED79650016851F /* Main.storyboard */,
				504EC30E1FED79650016851F /* Assets.xcassets */,
				504EC3101FED79650016851F /* LaunchScreen.storyboard */,
				504EC3131FED79650016851F /* Info.plist */,
				ENTITLE1FED79650016851F /* App.entitlements */,
				2FAD9762203C412B000D30F8 /* config.xml */,
				50B271D01FEDC1A000F3C39B /* public */,
			);
			path = App;
			sourceTree = "<group>";
		};
/* End PBXGroup section */

/* Begin PBXNativeTarget section */
		504EC3031FED79650016851F /* App */ = {
			isa = PBXNativeTarget;
			buildConfigurationList = 504EC3161FED79650016851F /* Build configuration list for PBXNativeTarget "App" */;
			buildPhases = (
				9FDAC74A1A0C946DD7DD101F /* [CP] Check Pods Manifest.lock */,
				PATCH1FED79650016851F /* Patch Local Capacitor Plugins */,
				504EC3001FED79650016851F /* Sources */,
				504EC3011FED79650016851F /* Frameworks */,
				504EC3021FED79650016851F /* Resources */,
				64C0F87B8B65D522B63873FD /* [CP] Embed Pods Frameworks */,
			);
			buildRules = (
			);
			dependencies = (
			);
			name = App;
			productName = App;
			productReference = 504EC3041FED79650016851F /* App.app */;
			productType = "com.apple.product-type.application";
		};
/* End PBXNativeTarget section */

/* Begin PBXProject section */
		504EC2FC1FED79650016851F /* Project object */ = {
			isa = PBXProject;
			attributes = {
				LastSwiftUpdateCheck = 0920;
				LastUpgradeCheck = 0920;
				TargetAttributes = {
					504EC3031FED79650016851F = {
						CreatedOnToolsVersion = 9.2;
						LastSwiftMigration = 1100;
						ProvisioningStyle = Automatic;
					};
				};
			};
			buildConfigurationList = 504EC2FF1FED79650016851F /* Build configuration list for PBXProject "App" */;
			compatibilityVersion = "Xcode 8.0";
			developmentRegion = en;
			hasScannedForEncodings = 0;
			knownRegions = (
				en,
				Base,
			);
			mainGroup = 504EC2FB1FED79650016851F;
			productRefGroup = 504EC3051FED79650016851F /* Products */;
			projectDirPath = "";
			projectRoot = "";
			targets = (
				504EC3031FED79650016851F /* App */,
			);
		};
/* End PBXProject section */

/* Begin PBXResourcesBuildPhase section */
		504EC3021FED79650016851F /* Resources */ = {
			isa = PBXResourcesBuildPhase;
			buildActionMask = 2147483647;
			files = (
				504EC3121FED79650016851F /* LaunchScreen.storyboard in Resources */,
				50B271D11FEDC1A000F3C39B /* public in Resources */,
				504EC30F1FED79650016851F /* Assets.xcassets in Resources */,
				50379B232058CBB4000EE86E /* capacitor.config.json in Resources */,
				504EC30D1FED79650016851F /* Main.storyboard in Resources */,
				2FAD9763203C412B000D30F8 /* config.xml in Resources */,
			);
			runOnlyForDeploymentPostprocessing = 0;
		};
/* End PBXResourcesBuildPhase section */

/* Begin PBXShellScriptBuildPhase section */
		64C0F87B8B65D522B63873FD /* [CP] Embed Pods Frameworks */ = {
			isa = PBXShellScriptBuildPhase;
			buildActionMask = 2147483647;
			files = (
			);
			inputPaths = (
			);
			name = "[CP] Embed Pods Frameworks";
			outputPaths = (
			);
			runOnlyForDeploymentPostprocessing = 0;
			shellPath = /bin/sh;
			shellScript = "\"${PODS_ROOT}/Target Support Files/Pods-App/Pods-App-frameworks.sh\"\n";
			showEnvVarsInLog = 0;
		};
		9FDAC74A1A0C946DD7DD101F /* [CP] Check Pods Manifest.lock */ = {
			isa = PBXShellScriptBuildPhase;
			buildActionMask = 2147483647;
			files = (
			);
			inputFileListPaths = (
			);
			inputPaths = (
				"${PODS_PODFILE_DIR_PATH}/Podfile.lock",
				"${PODS_ROOT}/Manifest.lock",
			);
			name = "[CP] Check Pods Manifest.lock";
			outputFileListPaths = (
			);
			outputPaths = (
				"$(DERIVED_FILE_DIR)/Pods-App-checkManifestLockResult.txt",
			);
			runOnlyForDeploymentPostprocessing = 0;
			shellPath = /bin/sh;
			shellScript = "diff \"${PODS_PODFILE_DIR_PATH}/Podfile.lock\" \"${PODS_ROOT}/Manifest.lock\" > /dev/null\nif [ $? != 0 ] ; then\n    # print error to STDERR\n    echo \"error: The sandbox is not in sync with the Podfile.lock. Run 'pod install' or update your CocoaPods installation.\" >&2\n    exit 1\nfi\n# This output is used by Xcode 'outputs' to avoid re-running this script phase.\necho \"SUCCESS\" > \"${SCRIPT_OUTPUT_FILE_0}\"\n";
			showEnvVarsInLog = 0;
		};
		PATCH1FED79650016851F /* Patch Local Capacitor Plugins */ = {
			isa = PBXShellScriptBuildPhase;
			buildActionMask = 2147483647;
			files = (
			);
			inputPaths = (
				"${SRCROOT}/App/BestTakeAudioPlugin.swift",
				"${SRCROOT}/App/capacitor.config.json",
			);
			name = "Patch Local Capacitor Plugins";
			outputPaths = (
				"${DERIVED_FILE_DIR}/capacitor-local-plugins.stamp",
			);
			runOnlyForDeploymentPostprocessing = 0;
			shellPath = /bin/sh;
			shellScript = "cd \"${SRCROOT}/../..\" && node scripts/patch-ios-audio-plugin.mjs\ntouch \"${DERIVED_FILE_DIR}/capacitor-local-plugins.stamp\"\n";
			showEnvVarsInLog = 0;
		};
/* End PBXShellScriptBuildPhase section */

/* Begin PBXSourcesBuildPhase section */
		504EC3001FED79650016851F /* Sources */ = {
			isa = PBXSourcesBuildPhase;
			buildActionMask = 2147483647;
			files = (
				504EC3081FED79650016851F /* AppDelegate.swift in Sources */,
				PORTRAIT2FED79650016851F /* PortraitBridgeViewController.swift in Sources */,
				BESTTAKE2FED79650016851F /* BestTakeAudioPlugin.swift in Sources */,
				BESTTAKE4FED79650016851F /* BestTakeAudioPlugin.m in Sources */,
				INLINEBOX2FED79650016851F /* InlineTakeBoxPlaybackController.swift in Sources */,
				NATIVECAM2FED79650016851F /* NativeCameraRecordingEngine.swift in Sources */,
				NATIVEAUD2FED79650016851F /* NativeCameraTestAudio.swift in Sources */,
				CAMGUARD2FED79650016851F /* CameraSessionGuard.swift in Sources */,
				AUDIOROUTE2FED79650016851F /* AudioRouteConfigurator.swift in Sources */,
				AUDIOENH2FED79650016851F /* AudioEnhancerRenderer.swift in Sources */,
				NATIVEDEC2FED79650016851F /* NativeAudioDecoder.swift in Sources */,
				TAKEALGN2FED79650016851F /* TakeAlignmentEngine.swift in Sources */,
				DRONEENG2FED79650016851F /* DroneEngine.swift in Sources */,
				DRONEPLG2FED79650016851F /* DronePlugin.swift in Sources */,
				DRONEPLG4FED79650016851F /* DronePlugin.m in Sources */,
				METRONENG2FED79650016851F /* MetronomeEngine.swift in Sources */,
				METRONPLG2FED79650016851F /* MetronomePlugin.swift in Sources */,
				METRONPLG4FED79650016851F /* MetronomePlugin.m in Sources */,
			);
			runOnlyForDeploymentPostprocessing = 0;
		};
/* End PBXSourcesBuildPhase section */

/* Begin PBXVariantGroup section */
		504EC30B1FED79650016851F /* Main.storyboard */ = {
			isa = PBXVariantGroup;
			children = (
				504EC30C1FED79650016851F /* Base */,
			);
			name = Main.storyboard;
			sourceTree = "<group>";
		};
		504EC3101FED79650016851F /* LaunchScreen.storyboard */ = {
			isa = PBXVariantGroup;
			children = (
				504EC3111FED79650016851F /* Base */,
			);
			name = LaunchScreen.storyboard;
			sourceTree = "<group>";
		};
/* End PBXVariantGroup section */

/* Begin XCBuildConfiguration section */
		504EC3141FED79650016851F /* Debug */ = {
			isa = XCBuildConfiguration;
			buildSettings = {
				ALWAYS_SEARCH_USER_PATHS = NO;
				CLANG_ANALYZER_NONNULL = YES;
				CLANG_ANALYZER_NUMBER_OBJECT_CONVERSION = YES_AGGRESSIVE;
				CLANG_CXX_LANGUAGE_STANDARD = "gnu++14";
				CLANG_CXX_LIBRARY = "libc++";
				CLANG_ENABLE_MODULES = YES;
				CLANG_ENABLE_OBJC_ARC = YES;
				CLANG_WARN_BLOCK_CAPTURE_AUTORELEASING = YES;
				CLANG_WARN_BOOL_CONVERSION = YES;
				CLANG_WARN_COMMA = YES;
				CLANG_WARN_CONSTANT_CONVERSION = YES;
				CLANG_WARN_DIRECT_OBJC_ISA_USAGE = YES_ERROR;
				CLANG_WARN_DOCUMENTATION_COMMENTS = YES;
				CLANG_WARN_EMPTY_BODY = YES;
				CLANG_WARN_ENUM_CONVERSION = YES;
				CLANG_WARN_INFINITE_RECURSION = YES;
				CLANG_WARN_INT_CONVERSION = YES;
				CLANG_WARN_NON_LITERAL_NULL_CONVERSION = YES;
				CLANG_WARN_OBJC_LITERAL_CONVERSION = YES;
				CLANG_WARN_OBJC_ROOT_CLASS = YES_ERROR;
				CLANG_WARN_RANGE_LOOP_ANALYSIS = YES;
				CLANG_WARN_STRICT_PROTOTYPES = YES;
				CLANG_WARN_SUSPICIOUS_MOVE = YES;
				CLANG_WARN_UNGUARDED_AVAILABILITY = YES_AGGRESSIVE;
				CLANG_WARN_UNREACHABLE_CODE = YES;
				CLANG_WARN__DUPLICATE_METHOD_MATCH = YES;
				CODE_SIGN_IDENTITY = "iPhone Developer";
				COPY_PHASE_STRIP = NO;
				DEBUG_INFORMATION_FORMAT = dwarf;
				ENABLE_STRICT_OBJC_MSGSEND = YES;
				ENABLE_TESTABILITY = YES;
				GCC_C_LANGUAGE_STANDARD = gnu11;
				GCC_DYNAMIC_NO_PIC = NO;
				GCC_NO_COMMON_BLOCKS = YES;
				GCC_OPTIMIZATION_LEVEL = 0;
				GCC_PREPROCESSOR_DEFINITIONS = (
					"DEBUG=1",
					"$(inherited)",
				);
				GCC_WARN_64_TO_32_BIT_CONVERSION = YES;
				GCC_WARN_ABOUT_RETURN_TYPE = YES_ERROR;
				GCC_WARN_UNDECLARED_SELECTOR = YES;
				GCC_WARN_UNINITIALIZED_AUTOS = YES_AGGRESSIVE;
				GCC_WARN_UNUSED_FUNCTION = YES;
				GCC_WARN_UNUSED_VARIABLE = YES;
				IPHONEOS_DEPLOYMENT_TARGET = 14.0;
				MTL_ENABLE_DEBUG_INFO = YES;
				ONLY_ACTIVE_ARCH = YES;
				SDKROOT = iphoneos;
				SWIFT_ACTIVE_COMPILATION_CONDITIONS = DEBUG;
				SWIFT_OPTIMIZATION_LEVEL = "-Onone";
			};
			name = Debug;
		};
		504EC3151FED79650016851F /* Release */ = {
			isa = XCBuildConfiguration;
			buildSettings = {
				ALWAYS_SEARCH_USER_PATHS = NO;
				CLANG_ANALYZER_NONNULL = YES;
				CLANG_ANALYZER_NUMBER_OBJECT_CONVERSION = YES_AGGRESSIVE;
				CLANG_CXX_LANGUAGE_STANDARD = "gnu++14";
				CLANG_CXX_LIBRARY = "libc++";
				CLANG_ENABLE_MODULES = YES;
				CLANG_ENABLE_OBJC_ARC = YES;
				CLANG_WARN_BLOCK_CAPTURE_AUTORELEASING = YES;
				CLANG_WARN_BOOL_CONVERSION = YES;
				CLANG_WARN_COMMA = YES;
				CLANG_WARN_CONSTANT_CONVERSION = YES;
				CLANG_WARN_DIRECT_OBJC_ISA_USAGE = YES_ERROR;
				CLANG_WARN_DOCUMENTATION_COMMENTS = YES;
				CLANG_WARN_EMPTY_BODY = YES;
				CLANG_WARN_ENUM_CONVERSION = YES;
				CLANG_WARN_INFINITE_RECURSION = YES;
				CLANG_WARN_INT_CONVERSION = YES;
				CLANG_WARN_NON_LITERAL_NULL_CONVERSION = YES;
				CLANG_WARN_OBJC_LITERAL_CONVERSION = YES;
				CLANG_WARN_OBJC_ROOT_CLASS = YES_ERROR;
				CLANG_WARN_RANGE_LOOP_ANALYSIS = YES;
				CLANG_WARN_STRICT_PROTOTYPES = YES;
				CLANG_WARN_SUSPICIOUS_MOVE = YES;
				CLANG_WARN_UNGUARDED_AVAILABILITY = YES_AGGRESSIVE;
				CLANG_WARN_UNREACHABLE_CODE = YES;
				CLANG_WARN__DUPLICATE_METHOD_MATCH = YES;
				CODE_SIGN_IDENTITY = "iPhone Developer";
				COPY_PHASE_STRIP = NO;
				DEBUG_INFORMATION_FORMAT = "dwarf-with-dsym";
				ENABLE_NS_ASSERTIONS = NO;
				ENABLE_STRICT_OBJC_MSGSEND = YES;
				GCC_C_LANGUAGE_STANDARD = gnu11;
				GCC_NO_COMMON_BLOCKS = YES;
				GCC_WARN_64_TO_32_BIT_CONVERSION = YES;
				GCC_WARN_ABOUT_RETURN_TYPE = YES_ERROR;
				GCC_WARN_UNDECLARED_SELECTOR = YES;
				GCC_WARN_UNINITIALIZED_AUTOS = YES_AGGRESSIVE;
				GCC_WARN_UNUSED_FUNCTION = YES;
				GCC_WARN_UNUSED_VARIABLE = YES;
				IPHONEOS_DEPLOYMENT_TARGET = 14.0;
				MTL_ENABLE_DEBUG_INFO = NO;
				SDKROOT = iphoneos;
				SWIFT_OPTIMIZATION_LEVEL = "-Owholemodule";
				VALIDATE_PRODUCT = YES;
			};
			name = Release;
		};
		504EC3171FED79650016851F /* Debug */ = {
			isa = XCBuildConfiguration;
			baseConfigurationReference = 30F5B1B6FB32A592FF61E3B1 /* Pods-App.debug.xcconfig */;
			buildSettings = {
				ASSETCATALOG_COMPILER_APPICON_NAME = AppIcon;
				CODE_SIGN_ENTITLEMENTS = App/App.entitlements;
				CODE_SIGN_STYLE = Automatic;
				CURRENT_PROJECT_VERSION = 3;
				DEVELOPMENT_TEAM = X24D9LKQ58;
				INFOPLIST_FILE = App/Info.plist;
				IPHONEOS_DEPLOYMENT_TARGET = 14.0;
				LD_RUNPATH_SEARCH_PATHS = "$(inherited) @executable_path/Frameworks";
				MARKETING_VERSION = 2.2;
				OTHER_SWIFT_FLAGS = "$(inherited) \"-D\" \"COCOAPODS\" \"-DDEBUG\"";
				PRODUCT_BUNDLE_IDENTIFIER = com.besttake.app;
				PRODUCT_NAME = "$(TARGET_NAME)";
				SWIFT_ACTIVE_COMPILATION_CONDITIONS = DEBUG;
				SWIFT_VERSION = 5.0;
				TARGETED_DEVICE_FAMILY = "1,2";
			};
			name = Debug;
		};
		504EC3181FED79650016851F /* Release */ = {
			isa = XCBuildConfiguration;
			baseConfigurationReference = 54B30F73516ACD7E3398CC08 /* Pods-App.release.xcconfig */;
			buildSettings = {
				ASSETCATALOG_COMPILER_APPICON_NAME = AppIcon;
				CODE_SIGN_ENTITLEMENTS = App/App.entitlements;
				CODE_SIGN_STYLE = Automatic;
				CURRENT_PROJECT_VERSION = 3;
				DEVELOPMENT_TEAM = X24D9LKQ58;
				INFOPLIST_FILE = App/Info.plist;
				IPHONEOS_DEPLOYMENT_TARGET = 14.0;
				LD_RUNPATH_SEARCH_PATHS = "$(inherited) @executable_path/Frameworks";
				MARKETING_VERSION = 2.2;
				PRODUCT_BUNDLE_IDENTIFIER = com.besttake.app;
				PRODUCT_NAME = "$(TARGET_NAME)";
				SWIFT_ACTIVE_COMPILATION_CONDITIONS = "";
				SWIFT_VERSION = 5.0;
				TARGETED_DEVICE_FAMILY = "1,2";
			};
			name = Release;
		};
/* End XCBuildConfiguration section */

/* Begin XCConfigurationList section */
		504EC2FF1FED79650016851F /* Build configuration list for PBXProject "App" */ = {
			isa = XCConfigurationList;
			buildConfigurations = (
				504EC3141FED79650016851F /* Debug */,
				504EC3151FED79650016851F /* Release */,
			);
			defaultConfigurationIsVisible = 0;
			defaultConfigurationName = Release;
		};
		504EC3161FED79650016851F /* Build configuration list for PBXNativeTarget "App" */ = {
			isa = XCConfigurationList;
			buildConfigurations = (
				504EC3171FED79650016851F /* Debug */,
				504EC3181FED79650016851F /* Release */,
			);
			defaultConfigurationIsVisible = 0;
			defaultConfigurationName = Release;
		};
/* End XCConfigurationList section */
	};
	rootObject = 504EC2FC1FED79650016851F /* Project object */;
}
